
Microsoft Visual Studio Solution File, Format Version 12.00
# Visual Studio 2012
Project("{FAE04EC0-301F-11D3-BF4B-00C04F79EFBC}") = "Inspection2012", "Inspection2012\Inspection2012.csproj", "{5A502A1E-9428-46A0-A3D7-ED663B172382}"
EndProject
Global
	GlobalSection(SolutionConfigurationPlatforms) = preSolution
		Debug|Any CPU = Debug|Any CPU
		Release|Any CPU = Release|Any CPU
	EndGlobalSection
	GlobalSection(ProjectConfigurationPlatforms) = postSolution
		{5A502A1E-9428-46A0-A3D7-ED663B172382}.Debug|Any CPU.ActiveCfg = Debug|Any CPU
		{5A502A1E-9428-46A0-A3D7-ED663B172382}.Debug|Any CPU.Build.0 = Debug|Any CPU
		{5A502A1E-9428-46A0-A3D7-ED663B172382}.Release|Any CPU.ActiveCfg = Release|Any CPU
		{5A502A1E-9428-46A0-A3D7-ED663B172382}.Release|Any CPU.Build.0 = Release|Any CPU
	EndGlobalSection
	GlobalSection(SolutionProperties) = preSolution
		HideSolutionNode = FALSE
	EndGlobalSection
EndGlobal
